
Microsoft Visual Studio Solution File, Format Version 12.00
# Visual Studio Version 16
VisualStudioVersion = 16.0.30114.105
MinimumVisualStudioVersion = 10.0.40219.1
Project("{FAE04EC0-301F-11D3-BF4B-00C04F79EFBC}") = "SimpleAPI", "SimpleAPI\SimpleAPI.csproj", "{EB0FD64B-F9B3-44DB-B9E4-19D5E19941F5}"
EndProject
Project("{FAE04EC0-301F-11D3-BF4B-00C04F79EFBC}") = "SimpleAPI.Tests", "SimpleAPI.Tests\SimpleAPI.Tests.csproj", "{47BF6564-B4A1-41A7-897F-103B705AEC28}"
EndProject
Global
	GlobalSection(SolutionConfigurationPlatforms) = preSolution
		Debug|Any CPU = Debug|Any CPU
		Release|Any CPU = Release|Any CPU
	EndGlobalSection
	GlobalSection(SolutionProperties) = preSolution
		HideSolutionNode = FALSE
	EndGlobalSection
	GlobalSection(ProjectConfigurationPlatforms) = postSolution
		{EB0FD64B-F9B3-44DB-B9E4-19D5E19941F5}.Debug|Any CPU.ActiveCfg = Debug|Any CPU
		{EB0FD64B-F9B3-44DB-B9E4-19D5E19941F5}.Debug|Any CPU.Build.0 = Debug|Any CPU
		{EB0FD64B-F9B3-44DB-B9E4-19D5E19941F5}.Release|Any CPU.ActiveCfg = Release|Any CPU
		{EB0FD64B-F9B3-44DB-B9E4-19D5E19941F5}.Release|Any CPU.Build.0 = Release|Any CPU
		{47BF6564-B4A1-41A7-897F-103B705AEC28}.Debug|Any CPU.ActiveCfg = Debug|Any CPU
		{47BF6564-B4A1-41A7-897F-103B705AEC28}.Debug|Any CPU.Build.0 = Debug|Any CPU
		{47BF6564-B4A1-41A7-897F-103B705AEC28}.Release|Any CPU.ActiveCfg = Release|Any CPU
		{47BF6564-B4A1-41A7-897F-103B705AEC28}.Release|Any CPU.Build.0 = Release|Any CPU
	EndGlobalSection
EndGlobal
